version = 1
revision = 3
requires-python = ">=3.14"

[options]
prerelease-mode = "allow"

[[package]]
name = "accelerator"
source = { virtual = "." }

[package.dev-dependencies]
build = [
    { name = "cargo-zigbuild" },
    { name = "invoke" },
    { name = "keepachangelog" },
    { name = "rich" },
    { name = "semver" },
    { name = "tomlkit" },
    { name = "ziglang" },
]
dev = [
    { name = "pytest" },
    { name = "pytest-mock" },
]

[package.metadata]

[package.metadata.requires-dev]
build = [
    { name = "cargo-zigbuild", specifier = ">=0.22.3" },
    { name = "invoke", specifier = ">=2.2.1" },
    { name = "keepachangelog", specifier = ">=2.0.0" },
    { name = "rich", specifier = ">=14.2.0" },
    { name = "semver", specifier = ">=3.0.4,<4" },
    { name = "tomlkit", specifier = ">=0.13,<0.14" },
    { name = "ziglang", specifier = ">=0.16.0" },
]
dev = [
    { name = "pytest", specifier = ">=8" },
    { name = "pytest-mock", specifier = ">=3.14" },
]

[[package]]
name = "cargo-zigbuild"
version = "0.22.3"
source = { registry = "https://pypi.org/simple" }
dependencies = [
    { name = "ziglang" },
]
wheels = [
    { url = "https://files.pythonhosted.org/packages/a0/94/7a351597a84d173ca259c57ecda6ef86152d875774003585e0d7b7504668/cargo_zigbuild-0.22.3-py3-none-macosx_10_12_x86_64.macosx_11_0_arm64.macosx_10_12_universal2.whl", hash = "sha256:429bd3c789f4e1771fa1e8fc1fed4efdcdd0d540110b4a04cc27ab9600ead887", size = 2913539, upload-time = "2026-04-26T03:15:42.548Z" },
    { url = "https://files.pythonhosted.org/packages/ef/8e/5e5953118fe87790ef18a6d1ac6369bf49d9a634cc0593add1e8a8ca98d8/cargo_zigbuild-0.22.3-py3-none-manylinux_2_17_aarch64.manylinux2014_aarch64.whl", hash = "sha256:3ec32ef02a87bf4b836a043ebc70839ec63654c53f43ea16ef0d8eacef4f7f82", size = 1478132, upload-time = "2026-04-26T03:15:41.274Z" },
    { url = "https://files.pythonhosted.org/packages/b4/ed/c9f020dc8b658b07c2f6ff3e266cc9b4f2e538522d400da81974386ce4cd/cargo_zigbuild-0.22.3-py3-none-manylinux_2_5_i686.manylinux1_i686.whl", hash = "sha256:d567df9f55c6eba1d6edfe0fa7240ced5cbcb0e6222b5ab7ea7c7932e8f708c4", size = 1607159, upload-time = "2026-04-26T03:15:39.854Z" },
    { url = "https://files.pythonhosted.org/packages/23/34/7dc4ed9aed1069cad8be5b1d7b4669a8fe96a219ad8d0c2b17f64fdd85fd/cargo_zigbuild-0.22.3-py3-none-manylinux_2_5_x86_64.manylinux1_x86_64.whl", hash = "sha256:1684d9405a3c505f97a652dddcccf4cddf6e99e1520c93b694f22c4b061d3f73", size = 1595191, upload-time = "2026-04-26T03:15:35.571Z" },
    { url = "https://files.pythonhosted.org/packages/5e/23/5f84d7b49d3dfcde6506cff6c59bced1ad996c3833bdc6c13eb0a7365b34/cargo_zigbuild-0.22.3-py3-none-win32.whl", hash = "sha256:f4d657a0d54ab543166549e1b9515f48ea983696b92fe3a805abfbf7d0c48273", size = 1326098, upload-time = "2026-04-26T03:15:37.345Z" },
    { url = "https://files.pythonhosted.org/packages/69/59/b1027f9c7710e303338a642f6efdffe87ddc0bbabdd20a557ee9a6faacb8/cargo_zigbuild-0.22.3-py3-none-win_amd64.whl", hash = "sha256:b8d093235ff94cb0a05612598689027b2cb5388c21984e29dbb44e6cc0b9937f", size = 1476196, upload-time = "2026-04-26T03:15:44.376Z" },
    { url = "https://files.pythonhosted.org/packages/a0/79/76312a591ff6cddcfa405d5ca46b88bdc99dcebfaadd6fd5f4d29a031e8c/cargo_zigbuild-0.22.3-py3-none-win_arm64.whl", hash = "sha256:f0667e9f181368e1e0ec74cd3a7f5e1162522a5bd292d9d93fcadc20f0fc50c4", size = 1405317, upload-time = "2026-04-26T03:15:38.784Z" },
]

[[package]]
name = "colorama"
version = "0.4.6"
source = { registry = "https://pypi.org/simple" }
sdist = { url = "https://files.pythonhosted.org/packages/d8/53/6f443c9a4a8358a93a6792e2acffb9d9d5cb0a5cfd8802644b7b1c9a02e4/colorama-0.4.6.tar.gz", hash = "sha256:08695f5cb7ed6e0531a20572697297273c47b8cae5a63ffc6d6ed5c201be6e44", size = 27697, upload-time = "2022-10-25T02:36:22.414Z" }
wheels = [
    { url = "https://files.pythonhosted.org/packages/d1/d6/3965ed04c63042e047cb6a3e6ed1a63a35087b6a609aa3a15ed8ac56c221/colorama-0.4.6-py2.py3-none-any.whl", hash = "sha256:4f1d9991f5acc0ca119f9d443620b77f9d6b33703e51011c16baf57afb285fc6", size = 25335, upload-time = "2022-10-25T02:36:20.889Z" },
]

[[package]]
name = "iniconfig"
version = "2.3.0"
source = { registry = "https://pypi.org/simple" }
sdist = { url = "https://files.pythonhosted.org/packages/72/34/14ca021ce8e5dfedc35312d08ba8bf51fdd999c576889fc2c24cb97f4f10/iniconfig-2.3.0.tar.gz", hash = "sha256:c76315c77db068650d49c5b56314774a7804df16fee4402c1f19d6d15d8c4730", size = 20503, upload-time = "2025-10-18T21:55:43.219Z" }
wheels = [
    { url = "https://files.pythonhosted.org/packages/cb/b1/3846dd7f199d53cb17f49cba7e651e9ce294d8497c8c150530ed11865bb8/iniconfig-2.3.0-py3-none-any.whl", hash = "sha256:f631c04d2c48c52b84d0d0549c99ff3859c98df65b3101406327ecc7d53fbf12", size = 7484, upload-time = "2025-10-18T21:55:41.639Z" },
]

[[package]]
name = "invoke"
version = "3.0.3"
source = { registry = "https://pypi.org/simple" }
sdist = { url = "https://files.pythonhosted.org/packages/33/f6/227c48c5fe47fa178ccf1fda8f047d16c97ba926567b661e9ce2045c600c/invoke-3.0.3.tar.gz", hash = "sha256:437b6a622223824380bfb4e64f612711a6b648c795f565efc8625af66fb57f0c", size = 343419, upload-time = "2026-04-07T15:17:48.307Z" }
wheels = [
    { url = "https://files.pythonhosted.org/packages/5a/de/bbc12563bbf979618d17625a4e753ff7a078523e28d870d3626daa97261a/invoke-3.0.3-py3-none-any.whl", hash = "sha256:f11327165e5cbb89b2ad1d88d3292b5113332c43b8553b494da435d6ec6f5053", size = 160958, upload-time = "2026-04-07T15:17:46.875Z" },
]

[[package]]
name = "keepachangelog"
version = "2.0.0"
source = { registry = "https://pypi.org/simple" }
sdist = { url = "https://files.pythonhosted.org/packages/fa/2e/951923e56c149b6772dbffee0dcac00738405d7d7a0fdd30537047cf6727/keepachangelog-2.0.0.tar.gz", hash = "sha256:6839f0646690ae514aca6dedbc7b8aa652c56db3be43081a1940c55c1c807709", size = 24488, upload-time = "2024-06-14T12:56:28.442Z" }
wheels = [
    { url = "https://files.pythonhosted.org/packages/23/06/b4f06ca7afb5d9e942c642980c308ffcfa1fa0e8b0a3ddbec78483ef1614/keepachangelog-2.0.0-py3-none-any.whl", hash = "sha256:0b2259fd73b55f2b99e61035ff83f3d86d0f2764841a7e2de86e31e675e42fee", size = 13349, upload-time = "2024-06-14T12:56:26.884Z" },
]

[[package]]
name = "markdown-it-py"
version = "4.0.0"
source = { registry = "https://pypi.org/simple" }
dependencies = [
    { name = "mdurl" },
]
sdist = { url = "https://files.pythonhosted.org/packages/5b/f5/4ec618ed16cc4f8fb3b701563655a69816155e79e24a17b651541804721d/markdown_it_py-4.0.0.tar.gz", hash = "sha256:cb0a2b4aa34f932c007117b194e945bd74e0ec24133ceb5bac59009cda1cb9f3", size = 73070, upload-time = "2025-08-11T12:57:52.854Z" }
wheels = [
    { url = "https://files.pythonhosted.org/packages/94/54/e7d793b573f298e1c9013b8c4dade17d481164aa517d1d7148619c2cedbf/markdown_it_py-4.0.0-py3-none-any.whl", hash = "sha256:87327c59b172c5011896038353a81343b6754500a08cd7a4973bb48c6d578147", size = 87321, upload-time = "2025-08-11T12:57:51.923Z" },
]

[[package]]
name = "mdurl"
version = "0.1.2"
source = { registry = "https://pypi.org/simple" }
sdist = { url = "https://files.pythonhosted.org/packages/d6/54/cfe61301667036ec958cb99bd3efefba235e65cdeb9c84d24a8293ba1d90/mdurl-0.1.2.tar.gz", hash = "sha256:bb413d29f5eea38f31dd4754dd7377d4465116fb207585f97bf925588687c1ba", size = 8729, upload-time = "2022-08-14T12:40:10.846Z" }
wheels = [
    { url = "https://files.pythonhosted.org/packages/b3/38/89ba8ad64ae25be8de66a6d463314cf1eb366222074cfda9ee839c56a4b4/mdurl-0.1.2-py3-none-any.whl", hash = "sha256:84008a41e51615a49fc9966191ff91509e3c40b939176e643fd50a5c2196b8f8", size = 9979, upload-time = "2022-08-14T12:40:09.779Z" },
]

[[package]]
name = "packaging"
version = "26.2"
source = { registry = "https://pypi.org/simple" }
sdist = { url = "https://files.pythonhosted.org/packages/d7/f1/e7a6dd94a8d4a5626c03e4e99c87f241ba9e350cd9e6d75123f992427270/packaging-26.2.tar.gz", hash = "sha256:ff452ff5a3e828ce110190feff1178bb1f2ea2281fa2075aadb987c2fb221661", size = 228134, upload-time = "2026-04-24T20:15:23.917Z" }
wheels = [
    { url = "https://files.pythonhosted.org/packages/df/b2/87e62e8c3e2f4b32e5fe99e0b86d576da1312593b39f47d8ceef365e95ed/packaging-26.2-py3-none-any.whl", hash = "sha256:5fc45236b9446107ff2415ce77c807cee2862cb6fac22b8a73826d0693b0980e", size = 100195, upload-time = "2026-04-24T20:15:22.081Z" },
]

[[package]]
name = "pluggy"
version = "1.6.0"
source = { registry = "https://pypi.org/simple" }
sdist = { url = "https://files.pythonhosted.org/packages/f9/e2/3e91f31a7d2b083fe6ef3fa267035b518369d9511ffab804f839851d2779/pluggy-1.6.0.tar.gz", hash = "sha256:7dcc130b76258d33b90f61b658791dede3486c3e6bfb003ee5c9bfb396dd22f3", size = 69412, upload-time = "2025-05-15T12:30:07.975Z" }
wheels = [
    { url = "https://files.pythonhosted.org/packages/54/20/4d324d65cc6d9205fabedc306948156824eb9f0ee1633355a8f7ec5c66bf/pluggy-1.6.0-py3-none-any.whl", hash = "sha256:e920276dd6813095e9377c0bc5566d94c932c33b27a3e3945d8389c374dd4746", size = 20538, upload-time = "2025-05-15T12:30:06.134Z" },
]

[[package]]
name = "pygments"
version = "2.20.0"
source = { registry = "https://pypi.org/simple" }
sdist = { url = "https://files.pythonhosted.org/packages/c3/b2/bc9c9196916376152d655522fdcebac55e66de6603a76a02bca1b6414f6c/pygments-2.20.0.tar.gz", hash = "sha256:6757cd03768053ff99f3039c1a36d6c0aa0b263438fcab17520b30a303a82b5f", size = 4955991, upload-time = "2026-03-29T13:29:33.898Z" }
wheels = [
    { url = "https://files.pythonhosted.org/packages/f4/7e/a72dd26f3b0f4f2bf1dd8923c85f7ceb43172af56d63c7383eb62b332364/pygments-2.20.0-py3-none-any.whl", hash = "sha256:81a9e26dd42fd28a23a2d169d86d7ac03b46e2f8b59ed4698fb4785f946d0176", size = 1231151, upload-time = "2026-03-29T13:29:30.038Z" },
]

[[package]]
name = "pytest"
version = "9.0.3"
source = { registry = "https://pypi.org/simple" }
dependencies = [
    { name = "colorama", marker = "sys_platform == 'win32'" },
    { name = "iniconfig" },
    { name = "packaging" },
    { name = "pluggy" },
    { name = "pygments" },
]
sdist = { url = "https://files.pythonhosted.org/packages/7d/0d/549bd94f1a0a402dc8cf64563a117c0f3765662e2e668477624baeec44d5/pytest-9.0.3.tar.gz", hash = "sha256:b86ada508af81d19edeb213c681b1d48246c1a91d304c6c81a427674c17eb91c", size = 1572165, upload-time = "2026-04-07T17:16:18.027Z" }
wheels = [
    { url = "https://files.pythonhosted.org/packages/d4/24/a372aaf5c9b7208e7112038812994107bc65a84cd00e0354a88c2c77a617/pytest-9.0.3-py3-none-any.whl", hash = "sha256:2c5efc453d45394fdd706ade797c0a81091eccd1d6e4bccfcd476e2b8e0ab5d9", size = 375249, upload-time = "2026-04-07T17:16:16.13Z" },
]

[[package]]
name = "pytest-mock"
version = "3.15.1"
source = { registry = "https://pypi.org/simple" }
dependencies = [
    { name = "pytest" },
]
sdist = { url = "https://files.pythonhosted.org/packages/68/14/eb014d26be205d38ad5ad20d9a80f7d201472e08167f0bb4361e251084a9/pytest_mock-3.15.1.tar.gz", hash = "sha256:1849a238f6f396da19762269de72cb1814ab44416fa73a8686deac10b0d87a0f", size = 34036, upload-time = "2025-09-16T16:37:27.081Z" }
wheels = [
    { url = "https://files.pythonhosted.org/packages/5a/cc/06253936f4a7fa2e0f48dfe6d851d9c56df896a9ab09ac019d70b760619c/pytest_mock-3.15.1-py3-none-any.whl", hash = "sha256:0a25e2eb88fe5168d535041d09a4529a188176ae608a6d249ee65abc0949630d", size = 10095, upload-time = "2025-09-16T16:37:25.734Z" },
]

[[package]]
name = "rich"
version = "15.0.0"
source = { registry = "https://pypi.org/simple" }
dependencies = [
    { name = "markdown-it-py" },
    { name = "pygments" },
]
sdist = { url = "https://files.pythonhosted.org/packages/c0/8f/0722ca900cc807c13a6a0c696dacf35430f72e0ec571c4275d2371fca3e9/rich-15.0.0.tar.gz", hash = "sha256:edd07a4824c6b40189fb7ac9bc4c52536e9780fbbfbddf6f1e2502c31b068c36", size = 230680, upload-time = "2026-04-12T08:24:00.75Z" }
wheels = [
    { url = "https://files.pythonhosted.org/packages/82/3b/64d4899d73f91ba49a8c18a8ff3f0ea8f1c1d75481760df8c68ef5235bf5/rich-15.0.0-py3-none-any.whl", hash = "sha256:33bd4ef74232fb73fe9279a257718407f169c09b78a87ad3d296f548e27de0bb", size = 310654, upload-time = "2026-04-12T08:24:02.83Z" },
]

[[package]]
name = "semver"
version = "3.0.4"
source = { registry = "https://pypi.org/simple" }
sdist = { url = "https://files.pythonhosted.org/packages/72/d1/d3159231aec234a59dd7d601e9dd9fe96f3afff15efd33c1070019b26132/semver-3.0.4.tar.gz", hash = "sha256:afc7d8c584a5ed0a11033af086e8af226a9c0b206f313e0301f8dd7b6b589602", size = 269730, upload-time = "2025-01-24T13:19:27.617Z" }
wheels = [
    { url = "https://files.pythonhosted.org/packages/a6/24/4d91e05817e92e3a61c8a21e08fd0f390f5301f1c448b137c57c4bc6e543/semver-3.0.4-py3-none-any.whl", hash = "sha256:9c824d87ba7f7ab4a1890799cec8596f15c1241cb473404ea1cb0c55e4b04746", size = 17912, upload-time = "2025-01-24T13:19:24.949Z" },
]

[[package]]
name = "tomlkit"
version = "0.13.3"
source = { registry = "https://pypi.org/simple" }
sdist = { url = "https://files.pythonhosted.org/packages/cc/18/0bbf3884e9eaa38819ebe46a7bd25dcd56b67434402b66a58c4b8e552575/tomlkit-0.13.3.tar.gz", hash = "sha256:430cf247ee57df2b94ee3fbe588e71d362a941ebb545dec29b53961d61add2a1", size = 185207, upload-time = "2025-06-05T07:13:44.947Z" }
wheels = [
    { url = "https://files.pythonhosted.org/packages/bd/75/8539d011f6be8e29f339c42e633aae3cb73bffa95dd0f9adec09b9c58e85/tomlkit-0.13.3-py3-none-any.whl", hash = "sha256:c89c649d79ee40629a9fda55f8ace8c6a1b42deb912b2a8fd8d942ddadb606b0", size = 38901, upload-time = "2025-06-05T07:13:43.546Z" },
]

[[package]]
name = "ziglang"
version = "0.16.0"
source = { registry = "https://pypi.org/simple" }
wheels = [
    { url = "https://files.pythonhosted.org/packages/cd/59/012f0c2800f7428b87bb16c5c78db7ef806efed274491998155955c02558/ziglang-0.16.0-py3-none-macosx_12_0_arm64.whl", hash = "sha256:b61e5413c49508d9d62e5dcea543e3af491594154d74a00ff52f84ed508260cc", size = 97252633, upload-time = "2026-04-15T03:55:02.488Z" },
    { url = "https://files.pythonhosted.org/packages/75/60/f924aa24b95a1ad347e845acc7ab6b5d062ae5b0b540d494654cd40d4e0b/ziglang-0.16.0-py3-none-macosx_12_0_x86_64.whl", hash = "sha256:18e14f6b25678d7b7c65708c82501ee6090fe39ed5c783477d56267af1fa5629", size = 101228024, upload-time = "2026-04-15T03:55:12.268Z" },
    { url = "https://files.pythonhosted.org/packages/cd/aa/7966d158d768fb0e40bf5fef6e7ffe230dfee502382782ec39be1331ee4a/ziglang-0.16.0-py3-none-manylinux_2_12_i686.manylinux2010_i686.musllinux_1_1_i686.whl", hash = "sha256:8b83661247430aa335b3cbc29569084900412dde5633b02c80a6d2ff734de3d2", size = 101810276, upload-time = "2026-04-15T03:55:17.843Z" },
    { url = "https://files.pythonhosted.org/packages/3e/ed/7b79023aa27ceb5d461ecf761181e7c33c57bbc1a6256a39535d1c7083d2/ziglang-0.16.0-py3-none-manylinux_2_12_x86_64.manylinux2010_x86_64.musllinux_1_1_x86_64.whl", hash = "sha256:9fcda73f62b851dd72a54b710ad40a209896db14cfb13649e62191243556342b", size = 97941847, upload-time = "2026-04-15T03:55:23.246Z" },
    { url = "https://files.pythonhosted.org/packages/7e/ed/d6663a5e52c504944d578b9e0bfcb7857f292803bcd09ebe0d10fe2b293d/ziglang-0.16.0-py3-none-manylinux_2_17_aarch64.manylinux2014_aarch64.musllinux_1_1_aarch64.whl", hash = "sha256:e27d409812b11e0fb89ed0200cf2e55b6464d43f9461553104e4a4f9a94a1fd5", size = 95008112, upload-time = "2026-04-15T03:55:32.025Z" },
    { url = "https://files.pythonhosted.org/packages/07/e4/beae76926e3070978d06fa156b243642d5f75ffd784f7cd64e783520e456/ziglang-0.16.0-py3-none-manylinux_2_17_armv7l.manylinux2014_armv7l.musllinux_1_1_armv7l.whl", hash = "sha256:7249779f0f916cfd2d1a9d54eb7600f3901384dc8dcbe1eea226bd32a8237fb5", size = 95860236, upload-time = "2026-04-15T03:55:37.069Z" },
    { url = "https://files.pythonhosted.org/packages/b6/fc/5cb1555281d2a998355ee7081f05f45d2f6a2789ca0fcb02015cfcb4b900/ziglang-0.16.0-py3-none-manylinux_2_17_ppc64le.manylinux2014_ppc64le.musllinux_1_1_ppc64le.whl", hash = "sha256:0fd671c599f6961638cc302cf1f9461486696385311d4c0276171dcf7d2b67f5", size = 104100995, upload-time = "2026-04-15T03:55:42.594Z" },
    { url = "https://files.pythonhosted.org/packages/4a/34/e0138d89ec47da986ac08009ae8802af052c1e335163d983c074d9eaa1c3/ziglang-0.16.0-py3-none-manylinux_2_17_s390x.manylinux2014_s390x.musllinux_1_1_s390x.whl", hash = "sha256:df0e6599e41d087c912b0d3d7cedef6c9cb1f0032465c8fc820e9986772d11e4", size = 103517876, upload-time = "2026-04-15T03:55:48.695Z" },
    { url = "https://files.pythonhosted.org/packages/fe/29/d281591fa0be47aefcb23ac379cdbff5b34a1fdaafa139a5f8703ca9559c/ziglang-0.16.0-py3-none-manylinux_2_31_riscv64.musllinux_1_1_riscv64.whl", hash = "sha256:d4bd8197344fffe276e1d6446e4ef7bc38637d821b4685fe96a936503d4b0619", size = 98388042, upload-time = "2026-04-15T03:55:54.114Z" },
    { url = "https://files.pythonhosted.org/packages/5d/f0/10a5203071af21bd649a0f97e29f70b710d6ad97b1ac1995a0bb30f51a71/ziglang-0.16.0-py3-none-win32.whl", hash = "sha256:f978c12b5337cf418034964de00023b7ec5ec484383dc97c6a6585f4a9105840", size = 100655765, upload-time = "2026-04-15T03:55:59.7Z" },
    { url = "https://files.pythonhosted.org/packages/a6/3c/baff40b3fc8ab4e83530246a52e8f3a5186c3606562712dfb58483b04f79/ziglang-0.16.0-py3-none-win_amd64.whl", hash = "sha256:089a16a4eb5a2f45151993342f8fabad24ff1a0723dc146642895c29208a3939", size = 98676957, upload-time = "2026-04-15T03:56:05.934Z" },
    { url = "https://files.pythonhosted.org/packages/f0/0b/bff28a4acc437cb7da705bffafd81fafbbd37a23144363cecc72becaef93/ziglang-0.16.0-py3-none-win_arm64.whl", hash = "sha256:e44a5271f7b72f7980017bb615823ed52e765f96b6482d93a2fd338cd53101bf", size = 94347646, upload-time = "2026-04-15T03:56:11.85Z" },
]
