# This file is automatically @generated by Cargo.
# It is not intended for manual editing.
version = 4

[[package]]
name = "ban-probe"
version = "0.0.0"
dependencies = [
 "native-tls",
]

[[package]]
name = "native-tls"
version = "0.2.0"
dependencies = [
 "openssl",
]

[[package]]
name = "openssl"
version = "0.10.0"
